// !$*UTF8*$!
{
	archiveVersion = 1;
	classes = {
	};
	objectVersion = 55;
	objects = {

/* Begin PBXBuildFile section */
		85F979E7FB7862B510DF6335 /* Pods_DiffKitLock.framework in Frameworks */ = {isa = PBXBuildFile; fileRef = A151FF8C52A908B07C144663 /* Pods_DiffKitLock.framework */; };
		D9C48B402726E40700EE097C /* AppDelegate.swift in Sources */ = {isa = PBXBuildFile; fileRef = D9C48B3F2726E40700EE097C /* AppDelegate.swift */; };
		D9C48B422726E40700EE097C /* SceneDelegate.swift in Sources */ = {isa = PBXBuildFile; fileRef = D9C48B412726E40700EE097C /* SceneDelegate.swift */; };
		D9C48B442726E40700EE097C /* ViewController.swift in Sources */ = {isa = PBXBuildFile; fileRef = D9C48B432726E40700EE097C /* ViewController.swift */; };
		D9C48B472726E40700EE097C /* Main.storyboard in Resources */ = {isa = PBXBuildFile; fileRef = D9C48B452726E40700EE097C /* Main.storyboard */; };
		D9C48B492726E40C00EE097C /* Assets.xcassets in Resources */ = {isa = PBXBuildFile; fileRef = D9C48B482726E40C00EE097C /* Assets.xcassets */; };
		D9C48B4C2726E40C00EE097C /* LaunchScreen.storyboard in Resources */ = {isa = PBXBuildFile; fileRef = D9C48B4A2726E40C00EE097C /* LaunchScreen.storyboard */; };
/* End PBXBuildFile section */

/* Begin PBXFileReference section */
		28F49031089E80251F1A6D3B /* Pods-DiffKitLock.debug.xcconfig */ = {isa = PBXFileReference; includeInIndex = 1; lastKnownFileType = text.xcconfig; name = "Pods-DiffKitLock.debug.xcconfig"; path = "Target Support Files/Pods-DiffKitLock/Pods-DiffKitLock.debug.xcconfig"; sourceTree = "<group>"; };
		A151FF8C52A908B07C144663 /* Pods_DiffKitLock.framework */ = {isa = PBXFileReference; explicitFileType = wrapper.framework; includeInIndex = 0; path = Pods_DiffKitLock.framework; sourceTree = BUILT_PRODUCTS_DIR; };
		D65DEFDCEAEAA56F2279EAA7 /* Pods-DiffKitLock.release.xcconfig */ = {isa = PBXFileReference; includeInIndex = 1; lastKnownFileType = text.xcconfig; name = "Pods-DiffKitLock.release.xcconfig"; path = "Target Support Files/Pods-DiffKitLock/Pods-DiffKitLock.release.xcconfig"; sourceTree = "<group>"; };
		D9C48B3C2726E40700EE097C /* DiffKitLock.app */ = {isa = PBXFileReference; explicitFileType = wrapper.application; includeInIndex = 0; path = DiffKitLock.app; sourceTree = BUILT_PRODUCTS_DIR; };
		D9C48B3F2726E40700EE097C /* AppDelegate.swift */ = {isa = PBXFileReference; lastKnownFileType = sourcecode.swift; path = AppDelegate.swift; sourceTree = "<group>"; };
		D9C48B412726E40700EE097C /* SceneDelegate.swift */ = {isa = PBXFileReference; lastKnownFileType = sourcecode.swift; path = SceneDelegate.swift; sourceTree = "<group>"; };
		D9C48B432726E40700EE097C /* ViewController.swift */ = {isa = PBXFileReference; lastKnownFileType = sourcecode.swift; path = ViewController.swift; sourceTree = "<group>"; };
		D9C48B462726E40700EE097C /* Base */ = {isa = PBXFileReference; lastKnownFileType = file.storyboard; name = Base; path = Base.lproj/Main.storyboard; sourceTree = "<group>"; };
		D9C48B482726E40C00EE097C /* Assets.xcassets */ = {isa = PBXFileReference; lastKnownFileType = folder.assetcatalog; path = Assets.xcassets; sourceTree = "<group>"; };
		D9C48B4B2726E40C00EE097C /* Base */ = {isa = PBXFileReference; lastKnownFileType = file.storyboard; name = Base; path = Base.lproj/LaunchScreen.storyboard; sourceTree = "<group>"; };
		D9C48B4D2726E40C00EE097C /* Info.plist */ = {isa = PBXFileReference; lastKnownFileType = text.plist.xml; path = Info.plist; sourceTree = "<group>"; };
/* End PBXFileReference section */

/* Begin PBXFrameworksBuildPhase section */
		D9C48B392726E40700EE097C /* Frameworks */ = {
			isa = PBXFrameworksBuildPhase;
			buildActionMask = 2147483647;
			files = (
				85F979E7FB7862B510DF6335 /* Pods_DiffKitLock.framework in Frameworks */,
			);
			runOnlyForDeploymentPostprocessing = 0;
		};
/* End PBXFrameworksBuildPhase section */

/* Begin PBXGroup section */
		1A7972CFE2DC56EE01D1C607 /* Pods */ = {
			isa = PBXGroup;
			children = (
				28F49031089E80251F1A6D3B /* Pods-DiffKitLock.debug.xcconfig */,
				D65DEFDCEAEAA56F2279EAA7 /* Pods-DiffKitLock.release.xcconfig */,
			);
			name = Pods;
			path = Pods;
			sourceTree = "<group>";
		};
		D5725546F0CAF7CFC3CAC0C9 /* Frameworks */ = {
			isa = PBXGroup;
			children = (
				A151FF8C52A908B07C144663 /* Pods_DiffKitLock.framework */,
			);
			name = Frameworks;
			sourceTree = "<group>";
		};
		D9C48B332726E40700EE097C = {
			isa = PBXGroup;
			children = (
				D9C48B3E2726E40700EE097C /* DiffKitLock */,
				D9C48B3D2726E40700EE097C /* Products */,
				1A7972CFE2DC56EE01D1C607 /* Pods */,
				D5725546F0CAF7CFC3CAC0C9 /* Frameworks */,
			);
			sourceTree = "<group>";
		};
		D9C48B3D2726E40700EE097C /* Products */ = {
			isa = PBXGroup;
			children = (
				D9C48B3C2726E40700EE097C /* DiffKitLock.app */,
			);
			name = Products;
			sourceTree = "<group>";
		};
		D9C48B3E2726E40700EE097C /* DiffKitLock */ = {
			isa = PBXGroup;
			children = (
				D9C48B3F2726E40700EE097C /* AppDelegate.swift */,
				D9C48B412726E40700EE097C /* SceneDelegate.swift */,
				D9C48B432726E40700EE097C /* ViewController.swift */,
				D9C48B452726E40700EE097C /* Main.storyboard */,
				D9C48B482726E40C00EE097C /* Assets.xcassets */,
				D9C48B4A2726E40C00EE097C /* LaunchScreen.storyboard */,
				D9C48B4D2726E40C00EE097C /* Info.plist */,
			);
			path = DiffKitLock;
			sourceTree = "<group>";
		};
/* End PBXGroup section */

/* Begin PBXNativeTarget section */
		D9C48B3B2726E40700EE097C /* DiffKitLock */ = {
			isa = PBXNativeTarget;
			buildConfigurationList = D9C48B502726E40C00EE097C /* Build configuration list for PBXNativeTarget "DiffKitLock" */;
			buildPhases = (
				66B95DCA48C4E75A5867DB3A /* [CP] Check Pods Manifest.lock */,
				D9C48B382726E40700EE097C /* Sources */,
				D9C48B392726E40700EE097C /* Frameworks */,
				D9C48B3A2726E40700EE097C /* Resources */,
				4508621BF9CE8E6F872A7DF8 /* [CP] Embed Pods Frameworks */,
			);
			buildRules = (
			);
			dependencies = (
			);
			name = DiffKitLock;
			productName = DiffKitLock;
			productReference = D9C48B3C2726E40700EE097C /* DiffKitLock.app */;
			productType = "com.apple.product-type.application";
		};
/* End PBXNativeTarget section */

/* Begin PBXProject section */
		D9C48B342726E40700EE097C /* Project object */ = {
			isa = PBXProject;
			attributes = {
				BuildIndependentTargetsInParallel = 1;
				LastSwiftUpdateCheck = 1300;
				LastUpgradeCheck = 1300;
				TargetAttributes = {
					D9C48B3B2726E40700EE097C = {
						CreatedOnToolsVersion = 13.0;
					};
				};
			};
			buildConfigurationList = D9C48B372726E40700EE097C /* Build configuration list for PBXProject "DiffKitLock" */;
			compatibilityVersion = "Xcode 13.0";
			developmentRegion = en;
			hasScannedForEncodings = 0;
			knownRegions = (
				en,
				Base,
			);
			mainGroup = D9C48B332726E40700EE097C;
			productRefGroup = D9C48B3D2726E40700EE097C /* Products */;
			projectDirPath = "";
			projectRoot = "";
			targets = (
				D9C48B3B2726E40700EE097C /* DiffKitLock */,
			);
		};
/* End PBXProject section */

/* Begin PBXResourcesBuildPhase section */
		D9C48B3A2726E40700EE097C /* Resources */ = {
			isa = PBXResourcesBuildPhase;
			buildActionMask = 2147483647;
			files = (
				D9C48B4C2726E40C00EE097C /* LaunchScreen.storyboard in Resources */,
				D9C48B492726E40C00EE097C /* Assets.xcassets in Resources */,
				D9C48B472726E40700EE097C /* Main.storyboard in Resources */,
			);
			runOnlyForDeploymentPostprocessing = 0;
		};
/* End PBXResourcesBuildPhase section */

/* Begin PBXShellScriptBuildPhase section */
		4508621BF9CE8E6F872A7DF8 /* [CP] Embed Pods Frameworks */ = {
			isa = PBXShellScriptBuildPhase;
			buildActionMask = 2147483647;
			files = (
			);
			inputFileListPaths = (
				"${PODS_ROOT}/Target Support Files/Pods-DiffKitLock/Pods-DiffKitLock-frameworks-${CONFIGURATION}-input-files.xcfilelist",
			);
			name = "[CP] Embed Pods Frameworks";
			outputFileListPaths = (
				"${PODS_ROOT}/Target Support Files/Pods-DiffKitLock/Pods-DiffKitLock-frameworks-${CONFIGURATION}-output-files.xcfilelist",
			);
			runOnlyForDeploymentPostprocessing = 0;
			shellPath = /bin/sh;
			shellScript = "\"${PODS_ROOT}/Target Support Files/Pods-DiffKitLock/Pods-DiffKitLock-frameworks.sh\"\n";
			showEnvVarsInLog = 0;
		};
		66B95DCA48C4E75A5867DB3A /* [CP] Check Pods Manifest.lock */ = {
			isa = PBXShellScriptBuildPhase;
			buildActionMask = 2147483647;
			files = (
			);
			inputFileListPaths = (
			);
			inputPaths = (
				"${PODS_PODFILE_DIR_PATH}/Podfile.lock",
				"${PODS_ROOT}/Manifest.lock",
			);
			name = "[CP] Check Pods Manifest.lock";
			outputFileListPaths = (
			);
			outputPaths = (
				"$(DERIVED_FILE_DIR)/Pods-DiffKitLock-checkManifestLockResult.txt",
			);
			runOnlyForDeploymentPostprocessing = 0;
			shellPath = /bin/sh;
			shellScript = "diff \"${PODS_PODFILE_DIR_PATH}/Podfile.lock\" \"${PODS_ROOT}/Manifest.lock\" > /dev/null\nif [ $? != 0 ] ; then\n    # print error to STDERR\n    echo \"error: The sandbox is not in sync with the Podfile.lock. Run 'pod install' or update your CocoaPods installation.\" >&2\n    exit 1\nfi\n# This output is used by Xcode 'outputs' to avoid re-running this script phase.\necho \"SUCCESS\" > \"${SCRIPT_OUTPUT_FILE_0}\"\n";
			showEnvVarsInLog = 0;
		};
/* End PBXShellScriptBuildPhase section */

/* Begin PBXSourcesBuildPhase section */
		D9C48B382726E40700EE097C /* Sources */ = {
			isa = PBXSourcesBuildPhase;
			buildActionMask = 2147483647;
			files = (
				D9C48B442726E40700EE097C /* ViewController.swift in Sources */,
				D9C48B402726E40700EE097C /* AppDelegate.swift in Sources */,
				D9C48B422726E40700EE097C /* SceneDelegate.swift in Sources */,
			);
			runOnlyForDeploymentPostprocessing = 0;
		};
/* End PBXSourcesBuildPhase section */

/* Begin PBXVariantGroup section */
		D9C48B452726E40700EE097C /* Main.storyboard */ = {
			isa = PBXVariantGroup;
			children = (
				D9C48B462726E40700EE097C /* Base */,
			);
			name = Main.storyboard;
			sourceTree = "<group>";
		};
		D9C48B4A2726E40C00EE097C /* LaunchScreen.storyboard */ = {
			isa = PBXVariantGroup;
			children = (
				D9C48B4B2726E40C00EE097C /* Base */,
			);
			name = LaunchScreen.storyboard;
			sourceTree = "<group>";
		};
/* End PBXVariantGroup section */

/* Begin XCBuildConfiguration section */
		D9C48B4E2726E40C00EE097C /* Debug */ = {
			isa = XCBuildConfiguration;
			buildSettings = {
				ALWAYS_SEARCH_USER_PATHS = NO;
				CLANG_ANALYZER_NONNULL = YES;
				CLANG_ANALYZER_NUMBER_OBJECT_CONVERSION = YES_AGGRESSIVE;
				CLANG_CXX_LANGUAGE_STANDARD = "gnu++17";
				CLANG_CXX_LIBRARY = "libc++";
				CLANG_ENABLE_MODULES = YES;
				CLANG_ENABLE_OBJC_ARC = YES;
				CLANG_ENABLE_OBJC_WEAK = YES;
				CLANG_WARN_BLOCK_CAPTURE_AUTORELEASING = YES;
				CLANG_WARN_BOOL_CONVERSION = YES;
				CLANG_WARN_COMMA = YES;
				CLANG_WARN_CONSTANT_CONVERSION = YES;
				CLANG_WARN_DEPRECATED_OBJC_IMPLEMENTATIONS = YES;
				CLANG_WARN_DIRECT_OBJC_ISA_USAGE = YES_ERROR;
				CLANG_WARN_DOCUMENTATION_COMMENTS = YES;
				CLANG_WARN_EMPTY_BODY = YES;
				CLANG_WARN_ENUM_CONVERSION = YES;
				CLANG_WARN_INFINITE_RECURSION = YES;
				CLANG_WARN_INT_CONVERSION = YES;
				CLANG_WARN_NON_LITERAL_NULL_CONVERSION = YES;
				CLANG_WARN_OBJC_IMPLICIT_RETAIN_SELF = YES;
				CLANG_WARN_OBJC_LITERAL_CONVERSION = YES;
				CLANG_WARN_OBJC_ROOT_CLASS = YES_ERROR;
				CLANG_WARN_QUOTED_INCLUDE_IN_FRAMEWORK_HEADER = YES;
				CLANG_WARN_RANGE_LOOP_ANALYSIS = YES;
				CLANG_WARN_STRICT_PROTOTYPES = YES;
				CLANG_WARN_SUSPICIOUS_MOVE = YES;
				CLANG_WARN_UNGUARDED_AVAILABILITY = YES_AGGRESSIVE;
				CLANG_WARN_UNREACHABLE_CODE = YES;
				CLANG_WARN__DUPLICATE_METHOD_MATCH = YES;
				COPY_PHASE_STRIP = NO;
				DEBUG_INFORMATION_FORMAT = dwarf;
				ENABLE_STRICT_OBJC_MSGSEND = YES;
				ENABLE_TESTABILITY = YES;
				GCC_C_LANGUAGE_STANDARD = gnu11;
				GCC_DYNAMIC_NO_PIC = NO;
				GCC_NO_COMMON_BLOCKS = YES;
				GCC_OPTIMIZATION_LEVEL = 0;
				GCC_PREPROCESSOR_DEFINITIONS = (
					"DEBUG=1",
					"$(inherited)",
				);
				GCC_WARN_64_TO_32_BIT_CONVERSION = YES;
				GCC_WARN_ABOUT_RETURN_TYPE = YES_ERROR;
				GCC_WARN_UNDECLARED_SELECTOR = YES;
				GCC_WARN_UNINITIALIZED_AUTOS = YES_AGGRESSIVE;
				GCC_WARN_UNUSED_FUNCTION = YES;
				GCC_WARN_UNUSED_VARIABLE = YES;
				IPHONEOS_DEPLOYMENT_TARGET = 15.0;
				MTL_ENABLE_DEBUG_INFO = INCLUDE_SOURCE;
				MTL_FAST_MATH = YES;
				ONLY_ACTIVE_ARCH = YES;
				SDKROOT = iphoneos;
				SWIFT_ACTIVE_COMPILATION_CONDITIONS = DEBUG;
				SWIFT_OPTIMIZATION_LEVEL = "-Onone";
			};
			name = Debug;
		};
		D9C48B4F2726E40C00EE097C /* Release */ = {
			isa = XCBuildConfiguration;
			buildSettings = {
				ALWAYS_SEARCH_USER_PATHS = NO;
				CLANG_ANALYZER_NONNULL = YES;
				CLANG_ANALYZER_NUMBER_OBJECT_CONVERSION = YES_AGGRESSIVE;
				CLANG_CXX_LANGUAGE_STANDARD = "gnu++17";
				CLANG_CXX_LIBRARY = "libc++";
				CLANG_ENABLE_MODULES = YES;
				CLANG_ENABLE_OBJC_ARC = YES;
				CLANG_ENABLE_OBJC_WEAK = YES;
				CLANG_WARN_BLOCK_CAPTURE_AUTORELEASING = YES;
				CLANG_WARN_BOOL_CONVERSION = YES;
				CLANG_WARN_COMMA = YES;
				CLANG_WARN_CONSTANT_CONVERSION = YES;
				CLANG_WARN_DEPRECATED_OBJC_IMPLEMENTATIONS = YES;
				CLANG_WARN_DIRECT_OBJC_ISA_USAGE = YES_ERROR;
				CLANG_WARN_DOCUMENTATION_COMMENTS = YES;
				CLANG_WARN_EMPTY_BODY = YES;
				CLANG_WARN_ENUM_CONVERSION = YES;
				CLANG_WARN_INFINITE_RECURSION = YES;
				CLANG_WARN_INT_CONVERSION = YES;
				CLANG_WARN_NON_LITERAL_NULL_CONVERSION = YES;
				CLANG_WARN_OBJC_IMPLICIT_RETAIN_SELF = YES;
				CLANG_WARN_OBJC_LITERAL_CONVERSION = YES;
				CLANG_WARN_OBJC_ROOT_CLASS = YES_ERROR;
				CLANG_WARN_QUOTED_INCLUDE_IN_FRAMEWORK_HEADER = YES;
				CLANG_WARN_RANGE_LOOP_ANALYSIS = YES;
				CLANG_WARN_STRICT_PROTOTYPES = YES;
				CLANG_WARN_SUSPICIOUS_MOVE = YES;
				CLANG_WARN_UNGUARDED_AVAILABILITY = YES_AGGRESSIVE;
				CLANG_WARN_UNREACHABLE_CODE = YES;
				CLANG_WARN__DUPLICATE_METHOD_MATCH = YES;
				COPY_PHASE_STRIP = NO;
				DEBUG_INFORMATION_FORMAT = "dwarf-with-dsym";
				ENABLE_NS_ASSERTIONS = NO;
				ENABLE_STRICT_OBJC_MSGSEND = YES;
				GCC_C_LANGUAGE_STANDARD = gnu11;
				GCC_NO_COMMON_BLOCKS = YES;
				GCC_WARN_64_TO_32_BIT_CONVERSION = YES;
				GCC_WARN_ABOUT_RETURN_TYPE = YES_ERROR;
				GCC_WARN_UNDECLARED_SELECTOR = YES;
				GCC_WARN_UNINITIALIZED_AUTOS = YES_AGGRESSIVE;
				GCC_WARN_UNUSED_FUNCTION = YES;
				GCC_WARN_UNUSED_VARIABLE = YES;
				IPHONEOS_DEPLOYMENT_TARGET = 15.0;
				MTL_ENABLE_DEBUG_INFO = NO;
				MTL_FAST_MATH = YES;
				SDKROOT = iphoneos;
				SWIFT_COMPILATION_MODE = wholemodule;
				SWIFT_OPTIMIZATION_LEVEL = "-O";
				VALIDATE_PRODUCT = YES;
			};
			name = Release;
		};
		D9C48B512726E40C00EE097C /* Debug */ = {
			isa = XCBuildConfiguration;
			baseConfigurationReference = 28F49031089E80251F1A6D3B /* Pods-DiffKitLock.debug.xcconfig */;
			buildSettings = {
				ASSETCATALOG_COMPILER_APPICON_NAME = AppIcon;
				ASSETCATALOG_COMPILER_GLOBAL_ACCENT_COLOR_NAME = AccentColor;
				CODE_SIGN_STYLE = Automatic;
				CURRENT_PROJECT_VERSION = 1;
				DEVELOPMENT_TEAM = AM5334753U;
				GENERATE_INFOPLIST_FILE = YES;
				INFOPLIST_FILE = DiffKitLock/Info.plist;
				INFOPLIST_KEY_UIApplicationSupportsIndirectInputEvents = YES;
				INFOPLIST_KEY_UILaunchStoryboardName = LaunchScreen;
				INFOPLIST_KEY_UIMainStoryboardFile = Main;
				INFOPLIST_KEY_UISupportedInterfaceOrientations_iPad = "UIInterfaceOrientationPortrait UIInterfaceOrientationPortraitUpsideDown UIInterfaceOrientationLandscapeLeft UIInterfaceOrientationLandscapeRight";
				INFOPLIST_KEY_UISupportedInterfaceOrientations_iPhone = "UIInterfaceOrientationPortrait UIInterfaceOrientationLandscapeLeft UIInterfaceOrientationLandscapeRight";
				LD_RUNPATH_SEARCH_PATHS = (
					"$(inherited)",
					"@executable_path/Frameworks",
				);
				MARKETING_VERSION = 1.0;
				PRODUCT_BUNDLE_IDENTIFIER = DK.DiffKitLock;
				PRODUCT_NAME = "$(TARGET_NAME)";
				SWIFT_EMIT_LOC_STRINGS = YES;
				SWIFT_VERSION = 5.0;
				TARGETED_DEVICE_FAMILY = "1,2";
			};
			name = Debug;
		};
		D9C48B522726E40C00EE097C /* Release */ = {
			isa = XCBuildConfiguration;
			baseConfigurationReference = D65DEFDCEAEAA56F2279EAA7 /* Pods-DiffKitLock.release.xcconfig */;
			buildSettings = {
				ASSETCATALOG_COMPILER_APPICON_NAME = AppIcon;
				ASSETCATALOG_COMPILER_GLOBAL_ACCENT_COLOR_NAME = AccentColor;
				CODE_SIGN_STYLE = Automatic;
				CURRENT_PROJECT_VERSION = 1;
				DEVELOPMENT_TEAM = AM5334753U;
				GENERATE_INFOPLIST_FILE = YES;
				INFOPLIST_FILE = DiffKitLock/Info.plist;
				INFOPLIST_KEY_UIApplicationSupportsIndirectInputEvents = YES;
				INFOPLIST_KEY_UILaunchStoryboardName = LaunchScreen;
				INFOPLIST_KEY_UIMainStoryboardFile = Main;
				INFOPLIST_KEY_UISupportedInterfaceOrientations_iPad = "UIInterfaceOrientationPortrait UIInterfaceOrientationPortraitUpsideDown UIInterfaceOrientationLandscapeLeft UIInterfaceOrientationLandscapeRight";
				INFOPLIST_KEY_UISupportedInterfaceOrientations_iPhone = "UIInterfaceOrientationPortrait UIInterfaceOrientationLandscapeLeft UIInterfaceOrientationLandscapeRight";
				LD_RUNPATH_SEARCH_PATHS = (
					"$(inherited)",
					"@executable_path/Frameworks",
				);
				MARKETING_VERSION = 1.0;
				PRODUCT_BUNDLE_IDENTIFIER = DK.DiffKitLock;
				PRODUCT_NAME = "$(TARGET_NAME)";
				SWIFT_EMIT_LOC_STRINGS = YES;
				SWIFT_VERSION = 5.0;
				TARGETED_DEVICE_FAMILY = "1,2";
			};
			name = Release;
		};
/* End XCBuildConfiguration section */

/* Begin XCConfigurationList section */
		D9C48B372726E40700EE097C /* Build configuration list for PBXProject "DiffKitLock" */ = {
			isa = XCConfigurationList;
			buildConfigurations = (
				D9C48B4E2726E40C00EE097C /* Debug */,
				D9C48B4F2726E40C00EE097C /* Release */,
			);
			defaultConfigurationIsVisible = 0;
			defaultConfigurationName = Release;
		};
		D9C48B502726E40C00EE097C /* Build configuration list for PBXNativeTarget "DiffKitLock" */ = {
			isa = XCConfigurationList;
			buildConfigurations = (
				D9C48B512726E40C00EE097C /* Debug */,
				D9C48B522726E40C00EE097C /* Release */,
			);
			defaultConfigurationIsVisible = 0;
			defaultConfigurationName = Release;
		};
/* End XCConfigurationList section */
	};
	rootObject = D9C48B342726E40700EE097C /* Project object */;
}
